{
  "projects": [
    {
      "projectId": "7nJ7UcFmq9UzB6eXfC5z4a",
      "version": "0.16.0",
      "dependencies": {},
      "lang": "js",
      "fileLocks": [
        {
          "assetId": "7nJ7UcFmq9UzB6eXfC5z4a",
          "type": "projectCss",
          "checksum": "05587b57f22f0ec8bb54543deb39762e"
        }
      ],
      "codegenVersion": "0.0.1"
    },
    {
      "projectId": "qq7DW2w3ZciEo1BR2DHMao",
      "version": "latest",
      "dependencies": {
        "7nJ7UcFmq9UzB6eXfC5z4a": "0.16.0"
      },
      "lang": "js",
      "fileLocks": [
        {
          "type": "globalVariant",
          "assetId": "wpBk0j75tKW_Aa",
          "checksum": "1c495b2689e307d2699536ebb6c5f5f2"
        },
        {
          "assetId": "qq7DW2w3ZciEo1BR2DHMao",
          "type": "projectCss",
          "checksum": "9c2371b0dafc88495a21def1a7142fd6"
        },
        {
          "type": "renderModule",
          "assetId": "QjLDOs6ZPSOdh",
          "checksum": "ad25a7aef98cb836bce58413216aee0a"
        },
        {
          "type": "cssRules",
          "assetId": "QjLDOs6ZPSOdh",
          "checksum": "ad25a7aef98cb836bce58413216aee0a"
        },
        {
          "type": "renderModule",
          "assetId": "4_JI6IDMjDUIF",
          "checksum": "1aafcf8a19eafa7b71199ff99d2b9ce6"
        },
        {
          "type": "cssRules",
          "assetId": "4_JI6IDMjDUIF",
          "checksum": "1aafcf8a19eafa7b71199ff99d2b9ce6"
        },
        {
          "type": "renderModule",
          "assetId": "fiYqjeUq7OmPo",
          "checksum": "19d3178c572df4777845339825f7aaf6"
        },
        {
          "type": "cssRules",
          "assetId": "fiYqjeUq7OmPo",
          "checksum": "19d3178c572df4777845339825f7aaf6"
        },
        {
          "type": "renderModule",
          "assetId": "dOTnf9rKr9LP8s",
          "checksum": "85b8eefb10edbf276a2ee5b56e9f684c"
        },
        {
          "type": "cssRules",
          "assetId": "dOTnf9rKr9LP8s",
          "checksum": "85b8eefb10edbf276a2ee5b56e9f684c"
        },
        {
          "type": "renderModule",
          "assetId": "pVS01W4pr1330Y",
          "checksum": "b48bc69ebd0359020839fdd9c4391c08"
        },
        {
          "type": "cssRules",
          "assetId": "pVS01W4pr1330Y",
          "checksum": "b48bc69ebd0359020839fdd9c4391c08"
        },
        {
          "type": "renderModule",
          "assetId": "a2jFtvBpgY1f4R",
          "checksum": "cfba5509b111c30a76ed8433671386b8"
        },
        {
          "type": "cssRules",
          "assetId": "a2jFtvBpgY1f4R",
          "checksum": "cfba5509b111c30a76ed8433671386b8"
        },
        {
          "type": "renderModule",
          "assetId": "wfUJJEowad80uS",
          "checksum": "ab0bb805d1fb5170625d49f89fcfb654"
        },
        {
          "type": "cssRules",
          "assetId": "wfUJJEowad80uS",
          "checksum": "ab0bb805d1fb5170625d49f89fcfb654"
        },
        {
          "type": "renderModule",
          "assetId": "IwCYAwcKT4TJRN",
          "checksum": "5676c2790b784441eb0d14901609eefe"
        },
        {
          "type": "cssRules",
          "assetId": "IwCYAwcKT4TJRN",
          "checksum": "5676c2790b784441eb0d14901609eefe"
        },
        {
          "type": "icon",
          "assetId": "0byo3XBMrT1GuZ",
          "checksum": "a90b32f420012ea9640012d7f4c3aef9"
        },
        {
          "type": "icon",
          "assetId": "DuA0hw5moLPSum",
          "checksum": "3cc178017685be39e74d4c50e1cf1a6b"
        },
        {
          "type": "icon",
          "assetId": "RU6rotrodP1DGh",
          "checksum": "5ec582592f0aa391d21c5e4ee4f50db0"
        },
        {
          "type": "icon",
          "assetId": "MF_d-Vx-kWRMgX",
          "checksum": "5e31c89bb4471dbac1b44590556761ae"
        },
        {
          "type": "icon",
          "assetId": "DWJyb8uVuM8dmK",
          "checksum": "fa4ea50c494162bc4eb39f8717edd9ff"
        },
        {
          "type": "icon",
          "assetId": "WpmnBeBKUyxIzx",
          "checksum": "16e12203590fe69a1605f6880024de8e"
        },
        {
          "type": "icon",
          "assetId": "0UESrALv4CkrO4",
          "checksum": "e730a20533728de19b622a4731d3aad3"
        },
        {
          "type": "icon",
          "assetId": "5XCkESnYGIToWS",
          "checksum": "5eb1b798bb58c0aafb68fbd7a26b0344"
        },
        {
          "type": "icon",
          "assetId": "uQt9XAOahbrBTJ",
          "checksum": "10cea49654d795dde989301e79d1b943"
        },
        {
          "type": "icon",
          "assetId": "YRD3uAIGZRQGr0",
          "checksum": "343e912f65fb522ea5d1c0971d48330f"
        },
        {
          "type": "image",
          "assetId": "tO9bLo-GLPCjQG",
          "checksum": "f8101ea37e86b3f8a17e1486224fa360"
        },
        {
          "type": "image",
          "assetId": "8gj0hTTH0bJtn7",
          "checksum": "6e2fe0e441e6da0756ada191bf851c2f"
        },
        {
          "type": "image",
          "assetId": "mAZmuYxmXXkoJA",
          "checksum": "d76eba5c7b2d997bc1ed41a227097f76"
        },
        {
          "type": "image",
          "assetId": "AD2fS5JdwV25xr",
          "checksum": "a2f029e56f1b332a300d4ca0adb7245b"
        },
        {
          "type": "image",
          "assetId": "l04SBSsRRb-7qu",
          "checksum": "55077302db3a44a571254842ccd71b58"
        },
        {
          "type": "image",
          "assetId": "cD6HcHJ0ayoxtb",
          "checksum": "c02b1ce8045973970589c69e48e41463"
        },
        {
          "type": "image",
          "assetId": "0XVvSMibWXkRf7",
          "checksum": "cb8a0adefdf305cdd4267822bf70a03c"
        },
        {
          "type": "image",
          "assetId": "8oq8bMcGHRX-AX",
          "checksum": "5c6b2e50ef8c6e191459a21813da8795"
        },
        {
          "type": "image",
          "assetId": "mD48dxfUgweNqL",
          "checksum": "91ac31531d9b0124db7f77fe21944de7"
        },
        {
          "type": "image",
          "assetId": "ABCy-ZSJWXHZEH",
          "checksum": "e75cfb58d9ec539e989de9798b59ee24"
        },
        {
          "type": "image",
          "assetId": "sAAH1i-qo9Qb3u",
          "checksum": "ed35843b0131d6892154e5c00a0cb10f"
        },
        {
          "type": "image",
          "assetId": "0wtwiFHeI5qoHL",
          "checksum": "8c8a5feccd8c06e884cbbededbbda32f"
        },
        {
          "type": "image",
          "assetId": "gAc6ZXQt09-KZS",
          "checksum": "a2b3c465a7ac05e10865874b928c9bdf"
        },
        {
          "type": "image",
          "assetId": "lL_Oi0IoPT4LSz",
          "checksum": "91cbd50412d790c9f07db1ee87511128"
        },
        {
          "type": "image",
          "assetId": "NKDzU6EZuJ2oWd",
          "checksum": "4f34719dc0b61c8d1726402618f7b32c"
        },
        {
          "type": "image",
          "assetId": "6pA4rH_LNcQbhq",
          "checksum": "985dbe1b27178505298872224aa04b8c"
        },
        {
          "type": "image",
          "assetId": "cOeOb_IBcPYos5",
          "checksum": "31b236d8077b768004c4a7cbf9775294"
        },
        {
          "type": "image",
          "assetId": "LHgdIs-M9XyBpL",
          "checksum": "2696b4a72cc422724a4fa0a116dc1b7e"
        },
        {
          "type": "image",
          "assetId": "R79lzgerSCAMKM",
          "checksum": "e312910446f9279aaae5e9fc6e6e7c4e"
        },
        {
          "type": "image",
          "assetId": "vsD4Ks7lvjY63P",
          "checksum": "655482566166ddb7653104092089d33a"
        },
        {
          "type": "image",
          "assetId": "vfXy9__LshnILN",
          "checksum": "6e890e0f05bd155adafcf94e2f1a1ff7"
        },
        {
          "type": "image",
          "assetId": "Ku5Sqy-g7-1W1A",
          "checksum": "3ab85858aa998f0e48539a3226472236"
        },
        {
          "type": "image",
          "assetId": "yPjkHN-YLoeTIv",
          "checksum": "d49171c64e1cc0a0fab8db77f1fc4da8"
        },
        {
          "type": "image",
          "assetId": "VFQXyrBuwSIKXS",
          "checksum": "1fbbe27cc446c0bbd0ebebb619f56706"
        },
        {
          "type": "image",
          "assetId": "UhymAybQaEDbXQ",
          "checksum": "9b0cb8b6ff2301319ad8679c8344d1c6"
        },
        {
          "type": "image",
          "assetId": "hU8USbQrfrlVdQ",
          "checksum": "7cd02a7a5adb944c11d78fd76c64bb4c"
        },
        {
          "type": "image",
          "assetId": "ZEcSVLEAgcmErt",
          "checksum": "737e981d603e3710be3893c0f3f5a306"
        },
        {
          "type": "image",
          "assetId": "SSck7yMY7-uR1o",
          "checksum": "c83d751c0d223248e526431194ae144a"
        },
        {
          "type": "image",
          "assetId": "7jE72V-lNyGgnp",
          "checksum": "4689ab7e3a8dc48b35177fad3deafff4"
        },
        {
          "type": "image",
          "assetId": "QR6ZYC9pNuV4_L",
          "checksum": "bb5996de0c73a8814771755476baf170"
        },
        {
          "type": "image",
          "assetId": "yi-nGiE4INlcns",
          "checksum": "3c5cddd99ecff1687bdf8c5769e83edc"
        },
        {
          "type": "image",
          "assetId": "6ChI-h5ukAaA40",
          "checksum": "f1f2561cc9f891af088a3b04dc83bb31"
        },
        {
          "type": "image",
          "assetId": "yeE9V46u_MCCJb",
          "checksum": "cd093f8b14bbde4d54a6dbf10e78adb4"
        },
        {
          "type": "image",
          "assetId": "UxNg9Ck8v4Aw9g",
          "checksum": "12174e969efc95ced90d1b36a14ac968"
        },
        {
          "type": "image",
          "assetId": "y3nn3qxHm7lRad",
          "checksum": "249b04380c62ccb4da5d708772f3c399"
        },
        {
          "type": "image",
          "assetId": "H2QJR4rgnQlfef",
          "checksum": "6cd4219cf32b5c4a829d1daaaa947a4b"
        },
        {
          "type": "image",
          "assetId": "beGN4P3F0jgesw",
          "checksum": "e7aef9e8fcd1d2d5ce65122eb5e97263"
        },
        {
          "type": "image",
          "assetId": "xtZ-P-zeyLhOzg",
          "checksum": "814ce5ce37e6971d14998c53d5821e31"
        },
        {
          "type": "image",
          "assetId": "93V4R8Cu-uheFX",
          "checksum": "a5d333d8c1201d53855515742f069ece"
        },
        {
          "type": "image",
          "assetId": "GWKrWz7hmo1mtW",
          "checksum": "fa0b63a9e113d97c57fd81175f406f68"
        },
        {
          "type": "image",
          "assetId": "3hj-g3Xy-cUp4Q",
          "checksum": "7a8ba6562ea7688ba2b887fd7dfc2b00"
        }
      ],
      "codegenVersion": "0.0.1"
    }
  ],
  "cliVersion": "0.1.274"
}
